// !$*UTF8*$!
{
	archiveVersion = 1;
	classes = {
	};
	objectVersion = 56;
	objects = {

/* Begin PBXBuildFile section */
		4CAE8E382BAD37D0004EDD07 /* DuniverseApp.swift in Sources */ = {isa = PBXBuildFile; fileRef = 4CAE8E372BAD37D0004EDD07 /* DuniverseApp.swift */; };
		4CAE8E3A2BAD37D0004EDD07 /* ContentView.swift in Sources */ = {isa = PBXBuildFile; fileRef = 4CAE8E392BAD37D0004EDD07 /* ContentView.swift */; };
		4CAE8E3C2BAD37D1004EDD07 /* Assets.xcassets in Resources */ = {isa = PBXBuildFile; fileRef = 4CAE8E3B2BAD37D1004EDD07 /* Assets.xcassets */; };
		4CAE8E3F2BAD37D1004EDD07 /* Preview Assets.xcassets in Resources */ = {isa = PBXBuildFile; fileRef = 4CAE8E3E2BAD37D1004EDD07 /* Preview Assets.xcassets */; };
		4CAE8E492BAD37D1004EDD07 /* DuniverseTests.swift in Sources */ = {isa = PBXBuildFile; fileRef = 4CAE8E482BAD37D1004EDD07 /* DuniverseTests.swift */; };
		4CAE8E532BAD37D1004EDD07 /* DuniverseUITests.swift in Sources */ = {isa = PBXBuildFile; fileRef = 4CAE8E522BAD37D1004EDD07 /* DuniverseUITests.swift */; };
		4CAE8E552BAD37D1004EDD07 /* DuniverseUITestsLaunchTests.swift in Sources */ = {isa = PBXBuildFile; fileRef = 4CAE8E542BAD37D1004EDD07 /* DuniverseUITestsLaunchTests.swift */; };
		4CAE8E682BAD392F004EDD07 /* WidgetKit.framework in Frameworks */ = {isa = PBXBuildFile; fileRef = 4CAE8E672BAD392F004EDD07 /* WidgetKit.framework */; };
		4CAE8E6A2BAD392F004EDD07 /* SwiftUI.framework in Frameworks */ = {isa = PBXBuildFile; fileRef = 4CAE8E692BAD392F004EDD07 /* SwiftUI.framework */; };
		4CAE8E6D2BAD392F004EDD07 /* DuniverseWidgetBundle.swift in Sources */ = {isa = PBXBuildFile; fileRef = 4CAE8E6C2BAD392F004EDD07 /* DuniverseWidgetBundle.swift */; };
		4CAE8E6F2BAD392F004EDD07 /* DuniverseWidget.swift in Sources */ = {isa = PBXBuildFile; fileRef = 4CAE8E6E2BAD392F004EDD07 /* DuniverseWidget.swift */; };
		4CAE8E712BAD3930004EDD07 /* Assets.xcassets in Resources */ = {isa = PBXBuildFile; fileRef = 4CAE8E702BAD3930004EDD07 /* Assets.xcassets */; };
		4CAE8E752BAD3930004EDD07 /* DuniverseWidgetExtension.appex in Embed Foundation Extensions */ = {isa = PBXBuildFile; fileRef = 4CAE8E652BAD392F004EDD07 /* DuniverseWidgetExtension.appex */; settings = {ATTRIBUTES = (RemoveHeadersOnCopy, ); }; };
/* End PBXBuildFile section */

/* Begin PBXContainerItemProxy section */
		4CAE8E452BAD37D1004EDD07 /* PBXContainerItemProxy */ = {
			isa = PBXContainerItemProxy;
			containerPortal = 4CAE8E2C2BAD37D0004EDD07 /* Project object */;
			proxyType = 1;
			remoteGlobalIDString = 4CAE8E332BAD37D0004EDD07;
			remoteInfo = Duniverse;
		};
		4CAE8E4F2BAD37D1004EDD07 /* PBXContainerItemProxy */ = {
			isa = PBXContainerItemProxy;
			containerPortal = 4CAE8E2C2BAD37D0004EDD07 /* Project object */;
			proxyType = 1;
			remoteGlobalIDString = 4CAE8E332BAD37D0004EDD07;
			remoteInfo = Duniverse;
		};
		4CAE8E732BAD3930004EDD07 /* PBXContainerItemProxy */ = {
			isa = PBXContainerItemProxy;
			containerPortal = 4CAE8E2C2BAD37D0004EDD07 /* Project object */;
			proxyType = 1;
			remoteGlobalIDString = 4CAE8E642BAD392F004EDD07;
			remoteInfo = DuniverseWidgetExtension;
		};
/* End PBXContainerItemProxy section */

/* Begin PBXCopyFilesBuildPhase section */
		4CAE8E792BAD3930004EDD07 /* Embed Foundation Extensions */ = {
			isa = PBXCopyFilesBuildPhase;
			buildActionMask = 2147483647;
			dstPath = "";
			dstSubfolderSpec = 13;
			files = (
				4CAE8E752BAD3930004EDD07 /* DuniverseWidgetExtension.appex in Embed Foundation Extensions */,
			);
			name = "Embed Foundation Extensions";
			runOnlyForDeploymentPostprocessing = 0;
		};
/* End PBXCopyFilesBuildPhase section */

/* Begin PBXFileReference section */
		4CAE8E342BAD37D0004EDD07 /* Duniverse.app */ = {isa = PBXFileReference; explicitFileType = wrapper.application; includeInIndex = 0; path = Duniverse.app; sourceTree = BUILT_PRODUCTS_DIR; };
		4CAE8E372BAD37D0004EDD07 /* DuniverseApp.swift */ = {isa = PBXFileReference; lastKnownFileType = sourcecode.swift; path = DuniverseApp.swift; sourceTree = "<group>"; };
		4CAE8E392BAD37D0004EDD07 /* ContentView.swift */ = {isa = PBXFileReference; lastKnownFileType = sourcecode.swift; path = ContentView.swift; sourceTree = "<group>"; };
		4CAE8E3B2BAD37D1004EDD07 /* Assets.xcassets */ = {isa = PBXFileReference; lastKnownFileType = folder.assetcatalog; path = Assets.xcassets; sourceTree = "<group>"; };
		4CAE8E3E2BAD37D1004EDD07 /* Preview Assets.xcassets */ = {isa = PBXFileReference; lastKnownFileType = folder.assetcatalog; path = "Preview Assets.xcassets"; sourceTree = "<group>"; };
		4CAE8E442BAD37D1004EDD07 /* DuniverseTests.xctest */ = {isa = PBXFileReference; explicitFileType = wrapper.cfbundle; includeInIndex = 0; path = DuniverseTests.xctest; sourceTree = BUILT_PRODUCTS_DIR; };
		4CAE8E482BAD37D1004EDD07 /* DuniverseTests.swift */ = {isa = PBXFileReference; lastKnownFileType = sourcecode.swift; path = DuniverseTests.swift; sourceTree = "<group>"; };
		4CAE8E4E2BAD37D1004EDD07 /* DuniverseUITests.xctest */ = {isa = PBXFileReference; explicitFileType = wrapper.cfbundle; includeInIndex = 0; path = DuniverseUITests.xctest; sourceTree = BUILT_PRODUCTS_DIR; };
		4CAE8E522BAD37D1004EDD07 /* DuniverseUITests.swift */ = {isa = PBXFileReference; lastKnownFileType = sourcecode.swift; path = DuniverseUITests.swift; sourceTree = "<group>"; };
		4CAE8E542BAD37D1004EDD07 /* DuniverseUITestsLaunchTests.swift */ = {isa = PBXFileReference; lastKnownFileType = sourcecode.swift; path = DuniverseUITestsLaunchTests.swift; sourceTree = "<group>"; };
		4CAE8E652BAD392F004EDD07 /* DuniverseWidgetExtension.appex */ = {isa = PBXFileReference; explicitFileType = "wrapper.app-extension"; includeInIndex = 0; path = DuniverseWidgetExtension.appex; sourceTree = BUILT_PRODUCTS_DIR; };
		4CAE8E672BAD392F004EDD07 /* WidgetKit.framework */ = {isa = PBXFileReference; lastKnownFileType = wrapper.framework; name = WidgetKit.framework; path = System/Library/Frameworks/WidgetKit.framework; sourceTree = SDKROOT; };
		4CAE8E692BAD392F004EDD07 /* SwiftUI.framework */ = {isa = PBXFileReference; lastKnownFileType = wrapper.framework; name = SwiftUI.framework; path = System/Library/Frameworks/SwiftUI.framework; sourceTree = SDKROOT; };
		4CAE8E6C2BAD392F004EDD07 /* DuniverseWidgetBundle.swift */ = {isa = PBXFileReference; lastKnownFileType = sourcecode.swift; path = DuniverseWidgetBundle.swift; sourceTree = "<group>"; };
		4CAE8E6E2BAD392F004EDD07 /* DuniverseWidget.swift */ = {isa = PBXFileReference; lastKnownFileType = sourcecode.swift; path = DuniverseWidget.swift; sourceTree = "<group>"; };
		4CAE8E702BAD3930004EDD07 /* Assets.xcassets */ = {isa = PBXFileReference; lastKnownFileType = folder.assetcatalog; path = Assets.xcassets; sourceTree = "<group>"; };
		4CAE8E722BAD3930004EDD07 /* Info.plist */ = {isa = PBXFileReference; lastKnownFileType = text.plist.xml; path = Info.plist; sourceTree = "<group>"; };
/* End PBXFileReference section */

/* Begin PBXFrameworksBuildPhase section */
		4CAE8E312BAD37D0004EDD07 /* Frameworks */ = {
			isa = PBXFrameworksBuildPhase;
			buildActionMask = 2147483647;
			files = (
			);
			runOnlyForDeploymentPostprocessing = 0;
		};
		4CAE8E412BAD37D1004EDD07 /* Frameworks */ = {
			isa = PBXFrameworksBuildPhase;
			buildActionMask = 2147483647;
			files = (
			);
			runOnlyForDeploymentPostprocessing = 0;
		};
		4CAE8E4B2BAD37D1004EDD07 /* Frameworks */ = {
			isa = PBXFrameworksBuildPhase;
			buildActionMask = 2147483647;
			files = (
			);
			runOnlyForDeploymentPostprocessing = 0;
		};
		4CAE8E622BAD392F004EDD07 /* Frameworks */ = {
			isa = PBXFrameworksBuildPhase;
			buildActionMask = 2147483647;
			files = (
				4CAE8E6A2BAD392F004EDD07 /* SwiftUI.framework in Frameworks */,
				4CAE8E682BAD392F004EDD07 /* WidgetKit.framework in Frameworks */,
			);
			runOnlyForDeploymentPostprocessing = 0;
		};
/* End PBXFrameworksBuildPhase section */

/* Begin PBXGroup section */
		4CAE8E2B2BAD37D0004EDD07 = {
			isa = PBXGroup;
			children = (
				4CAE8E362BAD37D0004EDD07 /* Duniverse */,
				4CAE8E472BAD37D1004EDD07 /* DuniverseTests */,
				4CAE8E512BAD37D1004EDD07 /* DuniverseUITests */,
				4CAE8E6B2BAD392F004EDD07 /* DuniverseWidget */,
				4CAE8E662BAD392F004EDD07 /* Frameworks */,
				4CAE8E352BAD37D0004EDD07 /* Products */,
			);
			sourceTree = "<group>";
		};
		4CAE8E352BAD37D0004EDD07 /* Products */ = {
			isa = PBXGroup;
			children = (
				4CAE8E342BAD37D0004EDD07 /* Duniverse.app */,
				4CAE8E442BAD37D1004EDD07 /* DuniverseTests.xctest */,
				4CAE8E4E2BAD37D1004EDD07 /* DuniverseUITests.xctest */,
				4CAE8E652BAD392F004EDD07 /* DuniverseWidgetExtension.appex */,
			);
			name = Products;
			sourceTree = "<group>";
		};
		4CAE8E362BAD37D0004EDD07 /* Duniverse */ = {
			isa = PBXGroup;
			children = (
				4CAE8E372BAD37D0004EDD07 /* DuniverseApp.swift */,
				4CAE8E392BAD37D0004EDD07 /* ContentView.swift */,
				4CAE8E3B2BAD37D1004EDD07 /* Assets.xcassets */,
				4CAE8E3D2BAD37D1004EDD07 /* Preview Content */,
			);
			path = Duniverse;
			sourceTree = "<group>";
		};
		4CAE8E3D2BAD37D1004EDD07 /* Preview Content */ = {
			isa = PBXGroup;
			children = (
				4CAE8E3E2BAD37D1004EDD07 /* Preview Assets.xcassets */,
			);
			path = "Preview Content";
			sourceTree = "<group>";
		};
		4CAE8E472BAD37D1004EDD07 /* DuniverseTests */ = {
			isa = PBXGroup;
			children = (
				4CAE8E482BAD37D1004EDD07 /* DuniverseTests.swift */,
			);
			path = DuniverseTests;
			sourceTree = "<group>";
		};
		4CAE8E512BAD37D1004EDD07 /* DuniverseUITests */ = {
			isa = PBXGroup;
			children = (
				4CAE8E522BAD37D1004EDD07 /* DuniverseUITests.swift */,
				4CAE8E542BAD37D1004EDD07 /* DuniverseUITestsLaunchTests.swift */,
			);
			path = DuniverseUITests;
			sourceTree = "<group>";
		};
		4CAE8E662BAD392F004EDD07 /* Frameworks */ = {
			isa = PBXGroup;
			children = (
				4CAE8E672BAD392F004EDD07 /* WidgetKit.framework */,
				4CAE8E692BAD392F004EDD07 /* SwiftUI.framework */,
			);
			name = Frameworks;
			sourceTree = "<group>";
		};
		4CAE8E6B2BAD392F004EDD07 /* DuniverseWidget */ = {
			isa = PBXGroup;
			children = (
				4CAE8E6C2BAD392F004EDD07 /* DuniverseWidgetBundle.swift */,
				4CAE8E6E2BAD392F004EDD07 /* DuniverseWidget.swift */,
				4CAE8E702BAD3930004EDD07 /* Assets.xcassets */,
				4CAE8E722BAD3930004EDD07 /* Info.plist */,
			);
			path = DuniverseWidget;
			sourceTree = "<group>";
		};
/* End PBXGroup section */

/* Begin PBXNativeTarget section */
		4CAE8E332BAD37D0004EDD07 /* Duniverse */ = {
			isa = PBXNativeTarget;
			buildConfigurationList = 4CAE8E582BAD37D1004EDD07 /* Build configuration list for PBXNativeTarget "Duniverse" */;
			buildPhases = (
				4CAE8E302BAD37D0004EDD07 /* Sources */,
				4CAE8E312BAD37D0004EDD07 /* Frameworks */,
				4CAE8E322BAD37D0004EDD07 /* Resources */,
				4CAE8E792BAD3930004EDD07 /* Embed Foundation Extensions */,
			);
			buildRules = (
			);
			dependencies = (
				4CAE8E742BAD3930004EDD07 /* PBXTargetDependency */,
			);
			name = Duniverse;
			productName = Duniverse;
			productReference = 4CAE8E342BAD37D0004EDD07 /* Duniverse.app */;
			productType = "com.apple.product-type.application";
		};
		4CAE8E432BAD37D1004EDD07 /* DuniverseTests */ = {
			isa = PBXNativeTarget;
			buildConfigurationList = 4CAE8E5B2BAD37D1004EDD07 /* Build configuration list for PBXNativeTarget "DuniverseTests" */;
			buildPhases = (
				4CAE8E402BAD37D1004EDD07 /* Sources */,
				4CAE8E412BAD37D1004EDD07 /* Frameworks */,
				4CAE8E422BAD37D1004EDD07 /* Resources */,
			);
			buildRules = (
			);
			dependencies = (
				4CAE8E462BAD37D1004EDD07 /* PBXTargetDependency */,
			);
			name = DuniverseTests;
			productName = DuniverseTests;
			productReference = 4CAE8E442BAD37D1004EDD07 /* DuniverseTests.xctest */;
			productType = "com.apple.product-type.bundle.unit-test";
		};
		4CAE8E4D2BAD37D1004EDD07 /* DuniverseUITests */ = {
			isa = PBXNativeTarget;
			buildConfigurationList = 4CAE8E5E2BAD37D1004EDD07 /* Build configuration list for PBXNativeTarget "DuniverseUITests" */;
			buildPhases = (
				4CAE8E4A2BAD37D1004EDD07 /* Sources */,
				4CAE8E4B2BAD37D1004EDD07 /* Frameworks */,
				4CAE8E4C2BAD37D1004EDD07 /* Resources */,
			);
			buildRules = (
			);
			dependencies = (
				4CAE8E502BAD37D1004EDD07 /* PBXTargetDependency */,
			);
			name = DuniverseUITests;
			productName = DuniverseUITests;
			productReference = 4CAE8E4E2BAD37D1004EDD07 /* DuniverseUITests.xctest */;
			productType = "com.apple.product-type.bundle.ui-testing";
		};
		4CAE8E642BAD392F004EDD07 /* DuniverseWidgetExtension */ = {
			isa = PBXNativeTarget;
			buildConfigurationList = 4CAE8E762BAD3930004EDD07 /* Build configuration list for PBXNativeTarget "DuniverseWidgetExtension" */;
			buildPhases = (
				4CAE8E612BAD392F004EDD07 /* Sources */,
				4CAE8E622BAD392F004EDD07 /* Frameworks */,
				4CAE8E632BAD392F004EDD07 /* Resources */,
			);
			buildRules = (
			);
			dependencies = (
			);
			name = DuniverseWidgetExtension;
			productName = DuniverseWidgetExtension;
			productReference = 4CAE8E652BAD392F004EDD07 /* DuniverseWidgetExtension.appex */;
			productType = "com.apple.product-type.app-extension";
		};
/* End PBXNativeTarget section */

/* Begin PBXProject section */
		4CAE8E2C2BAD37D0004EDD07 /* Project object */ = {
			isa = PBXProject;
			attributes = {
				BuildIndependentTargetsInParallel = 1;
				LastSwiftUpdateCheck = 1410;
				LastUpgradeCheck = 1410;
				TargetAttributes = {
					4CAE8E332BAD37D0004EDD07 = {
						CreatedOnToolsVersion = 14.1;
					};
					4CAE8E432BAD37D1004EDD07 = {
						CreatedOnToolsVersion = 14.1;
						TestTargetID = 4CAE8E332BAD37D0004EDD07;
					};
					4CAE8E4D2BAD37D1004EDD07 = {
						CreatedOnToolsVersion = 14.1;
						TestTargetID = 4CAE8E332BAD37D0004EDD07;
					};
					4CAE8E642BAD392F004EDD07 = {
						CreatedOnToolsVersion = 14.1;
					};
				};
			};
			buildConfigurationList = 4CAE8E2F2BAD37D0004EDD07 /* Build configuration list for PBXProject "Duniverse" */;
			compatibilityVersion = "Xcode 14.0";
			developmentRegion = en;
			hasScannedForEncodings = 0;
			knownRegions = (
				en,
				Base,
			);
			mainGroup = 4CAE8E2B2BAD37D0004EDD07;
			productRefGroup = 4CAE8E352BAD37D0004EDD07 /* Products */;
			projectDirPath = "";
			projectRoot = "";
			targets = (
				4CAE8E332BAD37D0004EDD07 /* Duniverse */,
				4CAE8E432BAD37D1004EDD07 /* DuniverseTests */,
				4CAE8E4D2BAD37D1004EDD07 /* DuniverseUITests */,
				4CAE8E642BAD392F004EDD07 /* DuniverseWidgetExtension */,
			);
		};
/* End PBXProject section */

/* Begin PBXResourcesBuildPhase section */
		4CAE8E322BAD37D0004EDD07 /* Resources */ = {
			isa = PBXResourcesBuildPhase;
			buildActionMask = 2147483647;
			files = (
				4CAE8E3F2BAD37D1004EDD07 /* Preview Assets.xcassets in Resources */,
				4CAE8E3C2BAD37D1004EDD07 /* Assets.xcassets in Resources */,
			);
			runOnlyForDeploymentPostprocessing = 0;
		};
		4CAE8E422BAD37D1004EDD07 /* Resources */ = {
			isa = PBXResourcesBuildPhase;
			buildActionMask = 2147483647;
			files = (
			);
			runOnlyForDeploymentPostprocessing = 0;
		};
		4CAE8E4C2BAD37D1004EDD07 /* Resources */ = {
			isa = PBXResourcesBuildPhase;
			buildActionMask = 2147483647;
			files = (
			);
			runOnlyForDeploymentPostprocessing = 0;
		};
		4CAE8E632BAD392F004EDD07 /* Resources */ = {
			isa = PBXResourcesBuildPhase;
			buildActionMask = 2147483647;
			files = (
				4CAE8E712BAD3930004EDD07 /* Assets.xcassets in Resources */,
			);
			runOnlyForDeploymentPostprocessing = 0;
		};
/* End PBXResourcesBuildPhase section */

/* Begin PBXSourcesBuildPhase section */
		4CAE8E302BAD37D0004EDD07 /* Sources */ = {
			isa = PBXSourcesBuildPhase;
			buildActionMask = 2147483647;
			files = (
				4CAE8E3A2BAD37D0004EDD07 /* ContentView.swift in Sources */,
				4CAE8E382BAD37D0004EDD07 /* DuniverseApp.swift in Sources */,
			);
			runOnlyForDeploymentPostprocessing = 0;
		};
		4CAE8E402BAD37D1004EDD07 /* Sources */ = {
			isa = PBXSourcesBuildPhase;
			buildActionMask = 2147483647;
			files = (
				4CAE8E492BAD37D1004EDD07 /* DuniverseTests.swift in Sources */,
			);
			runOnlyForDeploymentPostprocessing = 0;
		};
		4CAE8E4A2BAD37D1004EDD07 /* Sources */ = {
			isa = PBXSourcesBuildPhase;
			buildActionMask = 2147483647;
			files = (
				4CAE8E552BAD37D1004EDD07 /* DuniverseUITestsLaunchTests.swift in Sources */,
				4CAE8E532BAD37D1004EDD07 /* DuniverseUITests.swift in Sources */,
			);
			runOnlyForDeploymentPostprocessing = 0;
		};
		4CAE8E612BAD392F004EDD07 /* Sources */ = {
			isa = PBXSourcesBuildPhase;
			buildActionMask = 2147483647;
			files = (
				4CAE8E6D2BAD392F004EDD07 /* DuniverseWidgetBundle.swift in Sources */,
				4CAE8E6F2BAD392F004EDD07 /* DuniverseWidget.swift in Sources */,
			);
			runOnlyForDeploymentPostprocessing = 0;
		};
/* End PBXSourcesBuildPhase section */

/* Begin PBXTargetDependency section */
		4CAE8E462BAD37D1004EDD07 /* PBXTargetDependency */ = {
			isa = PBXTargetDependency;
			target = 4CAE8E332BAD37D0004EDD07 /* Duniverse */;
			targetProxy = 4CAE8E452BAD37D1004EDD07 /* PBXContainerItemProxy */;
		};
		4CAE8E502BAD37D1004EDD07 /* PBXTargetDependency */ = {
			isa = PBXTargetDependency;
			target = 4CAE8E332BAD37D0004EDD07 /* Duniverse */;
			targetProxy = 4CAE8E4F2BAD37D1004EDD07 /* PBXContainerItemProxy */;
		};
		4CAE8E742BAD3930004EDD07 /* PBXTargetDependency */ = {
			isa = PBXTargetDependency;
			target = 4CAE8E642BAD392F004EDD07 /* DuniverseWidgetExtension */;
			targetProxy = 4CAE8E732BAD3930004EDD07 /* PBXContainerItemProxy */;
		};
/* End PBXTargetDependency section */

/* Begin XCBuildConfiguration section */
		4CAE8E562BAD37D1004EDD07 /* Debug */ = {
			isa = XCBuildConfiguration;
			buildSettings = {
				ALWAYS_SEARCH_USER_PATHS = NO;
				CLANG_ANALYZER_NONNULL = YES;
				CLANG_ANALYZER_NUMBER_OBJECT_CONVERSION = YES_AGGRESSIVE;
				CLANG_CXX_LANGUAGE_STANDARD = "gnu++20";
				CLANG_ENABLE_MODULES = YES;
				CLANG_ENABLE_OBJC_ARC = YES;
				CLANG_ENABLE_OBJC_WEAK = YES;
				CLANG_WARN_BLOCK_CAPTURE_AUTORELEASING = YES;
				CLANG_WARN_BOOL_CONVERSION = YES;
				CLANG_WARN_COMMA = YES;
				CLANG_WARN_CONSTANT_CONVERSION = YES;
				CLANG_WARN_DEPRECATED_OBJC_IMPLEMENTATIONS = YES;
				CLANG_WARN_DIRECT_OBJC_ISA_USAGE = YES_ERROR;
				CLANG_WARN_DOCUMENTATION_COMMENTS = YES;
				CLANG_WARN_EMPTY_BODY = YES;
				CLANG_WARN_ENUM_CONVERSION = YES;
				CLANG_WARN_INFINITE_RECURSION = YES;
				CLANG_WARN_INT_CONVERSION = YES;
				CLANG_WARN_NON_LITERAL_NULL_CONVERSION = YES;
				CLANG_WARN_OBJC_IMPLICIT_RETAIN_SELF = YES;
				CLANG_WARN_OBJC_LITERAL_CONVERSION = YES;
				CLANG_WARN_OBJC_ROOT_CLASS = YES_ERROR;
				CLANG_WARN_QUOTED_INCLUDE_IN_FRAMEWORK_HEADER = YES;
				CLANG_WARN_RANGE_LOOP_ANALYSIS = YES;
				CLANG_WARN_STRICT_PROTOTYPES = YES;
				CLANG_WARN_SUSPICIOUS_MOVE = YES;
				CLANG_WARN_UNGUARDED_AVAILABILITY = YES_AGGRESSIVE;
				CLANG_WARN_UNREACHABLE_CODE = YES;
				CLANG_WARN__DUPLICATE_METHOD_MATCH = YES;
				COPY_PHASE_STRIP = NO;
				DEBUG_INFORMATION_FORMAT = dwarf;
				ENABLE_STRICT_OBJC_MSGSEND = YES;
				ENABLE_TESTABILITY = YES;
				GCC_C_LANGUAGE_STANDARD = gnu11;
				GCC_DYNAMIC_NO_PIC = NO;
				GCC_NO_COMMON_BLOCKS = YES;
				GCC_OPTIMIZATION_LEVEL = 0;
				GCC_PREPROCESSOR_DEFINITIONS = (
					"DEBUG=1",
					"$(inherited)",
				);
				GCC_WARN_64_TO_32_BIT_CONVERSION = YES;
				GCC_WARN_ABOUT_RETURN_TYPE = YES_ERROR;
				GCC_WARN_UNDECLARED_SELECTOR = YES;
				GCC_WARN_UNINITIALIZED_AUTOS = YES_AGGRESSIVE;
				GCC_WARN_UNUSED_FUNCTION = YES;
				GCC_WARN_UNUSED_VARIABLE = YES;
				IPHONEOS_DEPLOYMENT_TARGET = 16.1;
				MTL_ENABLE_DEBUG_INFO = INCLUDE_SOURCE;
				MTL_FAST_MATH = YES;
				ONLY_ACTIVE_ARCH = YES;
				SDKROOT = iphoneos;
				SWIFT_ACTIVE_COMPILATION_CONDITIONS = DEBUG;
				SWIFT_OPTIMIZATION_LEVEL = "-Onone";
			};
			name = Debug;
		};
		4CAE8E572BAD37D1004EDD07 /* Release */ = {
			isa = XCBuildConfiguration;
			buildSettings = {
				ALWAYS_SEARCH_USER_PATHS = NO;
				CLANG_ANALYZER_NONNULL = YES;
				CLANG_ANALYZER_NUMBER_OBJECT_CONVERSION = YES_AGGRESSIVE;
				CLANG_CXX_LANGUAGE_STANDARD = "gnu++20";
				CLANG_ENABLE_MODULES = YES;
				CLANG_ENABLE_OBJC_ARC = YES;
				CLANG_ENABLE_OBJC_WEAK = YES;
				CLANG_WARN_BLOCK_CAPTURE_AUTORELEASING = YES;
				CLANG_WARN_BOOL_CONVERSION = YES;
				CLANG_WARN_COMMA = YES;
				CLANG_WARN_CONSTANT_CONVERSION = YES;
				CLANG_WARN_DEPRECATED_OBJC_IMPLEMENTATIONS = YES;
				CLANG_WARN_DIRECT_OBJC_ISA_USAGE = YES_ERROR;
				CLANG_WARN_DOCUMENTATION_COMMENTS = YES;
				CLANG_WARN_EMPTY_BODY = YES;
				CLANG_WARN_ENUM_CONVERSION = YES;
				CLANG_WARN_INFINITE_RECURSION = YES;
				CLANG_WARN_INT_CONVERSION = YES;
				CLANG_WARN_NON_LITERAL_NULL_CONVERSION = YES;
				CLANG_WARN_OBJC_IMPLICIT_RETAIN_SELF = YES;
				CLANG_WARN_OBJC_LITERAL_CONVERSION = YES;
				CLANG_WARN_OBJC_ROOT_CLASS = YES_ERROR;
				CLANG_WARN_QUOTED_INCLUDE_IN_FRAMEWORK_HEADER = YES;
				CLANG_WARN_RANGE_LOOP_ANALYSIS = YES;
				CLANG_WARN_STRICT_PROTOTYPES = YES;
				CLANG_WARN_SUSPICIOUS_MOVE = YES;
				CLANG_WARN_UNGUARDED_AVAILABILITY = YES_AGGRESSIVE;
				CLANG_WARN_UNREACHABLE_CODE = YES;
				CLANG_WARN__DUPLICATE_METHOD_MATCH = YES;
				COPY_PHASE_STRIP = NO;
				DEBUG_INFORMATION_FORMAT = "dwarf-with-dsym";
				ENABLE_NS_ASSERTIONS = NO;
				ENABLE_STRICT_OBJC_MSGSEND = YES;
				GCC_C_LANGUAGE_STANDARD = gnu11;
				GCC_NO_COMMON_BLOCKS = YES;
				GCC_WARN_64_TO_32_BIT_CONVERSION = YES;
				GCC_WARN_ABOUT_RETURN_TYPE = YES_ERROR;
				GCC_WARN_UNDECLARED_SELECTOR = YES;
				GCC_WARN_UNINITIALIZED_AUTOS = YES_AGGRESSIVE;
				GCC_WARN_UNUSED_FUNCTION = YES;
				GCC_WARN_UNUSED_VARIABLE = YES;
				IPHONEOS_DEPLOYMENT_TARGET = 16.1;
				MTL_ENABLE_DEBUG_INFO = NO;
				MTL_FAST_MATH = YES;
				SDKROOT = iphoneos;
				SWIFT_COMPILATION_MODE = wholemodule;
				SWIFT_OPTIMIZATION_LEVEL = "-O";
				VALIDATE_PRODUCT = YES;
			};
			name = Release;
		};
		4CAE8E592BAD37D1004EDD07 /* Debug */ = {
			isa = XCBuildConfiguration;
			buildSettings = {
				ALWAYS_EMBED_SWIFT_STANDARD_LIBRARIES = YES;
				ASSETCATALOG_COMPILER_APPICON_NAME = AppIcon;
				ASSETCATALOG_COMPILER_GLOBAL_ACCENT_COLOR_NAME = AccentColor;
				CODE_SIGN_STYLE = Automatic;
				CURRENT_PROJECT_VERSION = 1;
				DEVELOPMENT_ASSET_PATHS = "\"Duniverse/Preview Content\"";
				DEVELOPMENT_TEAM = M2566UQR5G;
				ENABLE_PREVIEWS = YES;
				GENERATE_INFOPLIST_FILE = YES;
				INFOPLIST_KEY_UIApplicationSceneManifest_Generation = YES;
				INFOPLIST_KEY_UIApplicationSupportsIndirectInputEvents = YES;
				INFOPLIST_KEY_UILaunchScreen_Generation = YES;
				INFOPLIST_KEY_UISupportedInterfaceOrientations_iPad = "UIInterfaceOrientationPortrait UIInterfaceOrientationPortraitUpsideDown UIInterfaceOrientationLandscapeLeft UIInterfaceOrientationLandscapeRight";
				INFOPLIST_KEY_UISupportedInterfaceOrientations_iPhone = "UIInterfaceOrientationPortrait UIInterfaceOrientationLandscapeLeft UIInterfaceOrientationLandscapeRight";
				LD_RUNPATH_SEARCH_PATHS = (
					"$(inherited)",
					"@executable_path/Frameworks",
				);
				MARKETING_VERSION = 1.0;
				PRODUCT_BUNDLE_IDENTIFIER = personal.Duniverse;
				PRODUCT_NAME = "$(TARGET_NAME)";
				SWIFT_EMIT_LOC_STRINGS = YES;
				SWIFT_VERSION = 5.0;
				TARGETED_DEVICE_FAMILY = "1,2";
			};
			name = Debug;
		};
		4CAE8E5A2BAD37D1004EDD07 /* Release */ = {
			isa = XCBuildConfiguration;
			buildSettings = {
				ALWAYS_EMBED_SWIFT_STANDARD_LIBRARIES = YES;
				ASSETCATALOG_COMPILER_APPICON_NAME = AppIcon;
				ASSETCATALOG_COMPILER_GLOBAL_ACCENT_COLOR_NAME = AccentColor;
				CODE_SIGN_STYLE = Automatic;
				CURRENT_PROJECT_VERSION = 1;
				DEVELOPMENT_ASSET_PATHS = "\"Duniverse/Preview Content\"";
				DEVELOPMENT_TEAM = M2566UQR5G;
				ENABLE_PREVIEWS = YES;
				GENERATE_INFOPLIST_FILE = YES;
				INFOPLIST_KEY_UIApplicationSceneManifest_Generation = YES;
				INFOPLIST_KEY_UIApplicationSupportsIndirectInputEvents = YES;
				INFOPLIST_KEY_UILaunchScreen_Generation = YES;
				INFOPLIST_KEY_UISupportedInterfaceOrientations_iPad = "UIInterfaceOrientationPortrait UIInterfaceOrientationPortraitUpsideDown UIInterfaceOrientationLandscapeLeft UIInterfaceOrientationLandscapeRight";
				INFOPLIST_KEY_UISupportedInterfaceOrientations_iPhone = "UIInterfaceOrientationPortrait UIInterfaceOrientationLandscapeLeft UIInterfaceOrientationLandscapeRight";
				LD_RUNPATH_SEARCH_PATHS = (
					"$(inherited)",
					"@executable_path/Frameworks",
				);
				MARKETING_VERSION = 1.0;
				PRODUCT_BUNDLE_IDENTIFIER = personal.Duniverse;
				PRODUCT_NAME = "$(TARGET_NAME)";
				SWIFT_EMIT_LOC_STRINGS = YES;
				SWIFT_VERSION = 5.0;
				TARGETED_DEVICE_FAMILY = "1,2";
			};
			name = Release;
		};
		4CAE8E5C2BAD37D1004EDD07 /* Debug */ = {
			isa = XCBuildConfiguration;
			buildSettings = {
				ALWAYS_EMBED_SWIFT_STANDARD_LIBRARIES = YES;
				BUNDLE_LOADER = "$(TEST_HOST)";
				CODE_SIGN_STYLE = Automatic;
				CURRENT_PROJECT_VERSION = 1;
				DEVELOPMENT_TEAM = M2566UQR5G;
				GENERATE_INFOPLIST_FILE = YES;
				IPHONEOS_DEPLOYMENT_TARGET = 16.1;
				MARKETING_VERSION = 1.0;
				PRODUCT_BUNDLE_IDENTIFIER = personal.DuniverseTests;
				PRODUCT_NAME = "$(TARGET_NAME)";
				SWIFT_EMIT_LOC_STRINGS = NO;
				SWIFT_VERSION = 5.0;
				TARGETED_DEVICE_FAMILY = "1,2";
				TEST_HOST = "$(BUILT_PRODUCTS_DIR)/Duniverse.app/$(BUNDLE_EXECUTABLE_FOLDER_PATH)/Duniverse";
			};
			name = Debug;
		};
		4CAE8E5D2BAD37D1004EDD07 /* Release */ = {
			isa = XCBuildConfiguration;
			buildSettings = {
				ALWAYS_EMBED_SWIFT_STANDARD_LIBRARIES = YES;
				BUNDLE_LOADER = "$(TEST_HOST)";
				CODE_SIGN_STYLE = Automatic;
				CURRENT_PROJECT_VERSION = 1;
				DEVELOPMENT_TEAM = M2566UQR5G;
				GENERATE_INFOPLIST_FILE = YES;
				IPHONEOS_DEPLOYMENT_TARGET = 16.1;
				MARKETING_VERSION = 1.0;
				PRODUCT_BUNDLE_IDENTIFIER = personal.DuniverseTests;
				PRODUCT_NAME = "$(TARGET_NAME)";
				SWIFT_EMIT_LOC_STRINGS = NO;
				SWIFT_VERSION = 5.0;
				TARGETED_DEVICE_FAMILY = "1,2";
				TEST_HOST = "$(BUILT_PRODUCTS_DIR)/Duniverse.app/$(BUNDLE_EXECUTABLE_FOLDER_PATH)/Duniverse";
			};
			name = Release;
		};
		4CAE8E5F2BAD37D1004EDD07 /* Debug */ = {
			isa = XCBuildConfiguration;
			buildSettings = {
				ALWAYS_EMBED_SWIFT_STANDARD_LIBRARIES = YES;
				CODE_SIGN_STYLE = Automatic;
				CURRENT_PROJECT_VERSION = 1;
				DEVELOPMENT_TEAM = M2566UQR5G;
				GENERATE_INFOPLIST_FILE = YES;
				MARKETING_VERSION = 1.0;
				PRODUCT_BUNDLE_IDENTIFIER = personal.DuniverseUITests;
				PRODUCT_NAME = "$(TARGET_NAME)";
				SWIFT_EMIT_LOC_STRINGS = NO;
				SWIFT_VERSION = 5.0;
				TARGETED_DEVICE_FAMILY = "1,2";
				TEST_TARGET_NAME = Duniverse;
			};
			name = Debug;
		};
		4CAE8E602BAD37D1004EDD07 /* Release */ = {
			isa = XCBuildConfiguration;
			buildSettings = {
				ALWAYS_EMBED_SWIFT_STANDARD_LIBRARIES = YES;
				CODE_SIGN_STYLE = Automatic;
				CURRENT_PROJECT_VERSION = 1;
				DEVELOPMENT_TEAM = M2566UQR5G;
				GENERATE_INFOPLIST_FILE = YES;
				MARKETING_VERSION = 1.0;
				PRODUCT_BUNDLE_IDENTIFIER = personal.DuniverseUITests;
				PRODUCT_NAME = "$(TARGET_NAME)";
				SWIFT_EMIT_LOC_STRINGS = NO;
				SWIFT_VERSION = 5.0;
				TARGETED_DEVICE_FAMILY = "1,2";
				TEST_TARGET_NAME = Duniverse;
			};
			name = Release;
		};
		4CAE8E772BAD3930004EDD07 /* Debug */ = {
			isa = XCBuildConfiguration;
			buildSettings = {
				ASSETCATALOG_COMPILER_GLOBAL_ACCENT_COLOR_NAME = AccentColor;
				ASSETCATALOG_COMPILER_WIDGET_BACKGROUND_COLOR_NAME = WidgetBackground;
				CODE_SIGN_STYLE = Automatic;
				CURRENT_PROJECT_VERSION = 1;
				DEVELOPMENT_TEAM = M2566UQR5G;
				GENERATE_INFOPLIST_FILE = YES;
				INFOPLIST_FILE = DuniverseWidget/Info.plist;
				INFOPLIST_KEY_CFBundleDisplayName = DuniverseWidget;
				INFOPLIST_KEY_NSHumanReadableCopyright = "";
				LD_RUNPATH_SEARCH_PATHS = (
					"$(inherited)",
					"@executable_path/Frameworks",
					"@executable_path/../../Frameworks",
				);
				MARKETING_VERSION = 1.0;
				PRODUCT_BUNDLE_IDENTIFIER = personal.Duniverse.DuniverseWidget;
				PRODUCT_NAME = "$(TARGET_NAME)";
				SKIP_INSTALL = YES;
				SWIFT_EMIT_LOC_STRINGS = YES;
				SWIFT_VERSION = 5.0;
				TARGETED_DEVICE_FAMILY = "1,2";
			};
			name = Debug;
		};
		4CAE8E782BAD3930004EDD07 /* Release */ = {
			isa = XCBuildConfiguration;
			buildSettings = {
				ASSETCATALOG_COMPILER_GLOBAL_ACCENT_COLOR_NAME = AccentColor;
				ASSETCATALOG_COMPILER_WIDGET_BACKGROUND_COLOR_NAME = WidgetBackground;
				CODE_SIGN_STYLE = Automatic;
				CURRENT_PROJECT_VERSION = 1;
				DEVELOPMENT_TEAM = M2566UQR5G;
				GENERATE_INFOPLIST_FILE = YES;
				INFOPLIST_FILE = DuniverseWidget/Info.plist;
				INFOPLIST_KEY_CFBundleDisplayName = DuniverseWidget;
				INFOPLIST_KEY_NSHumanReadableCopyright = "";
				LD_RUNPATH_SEARCH_PATHS = (
					"$(inherited)",
					"@executable_path/Frameworks",
					"@executable_path/../../Frameworks",
				);
				MARKETING_VERSION = 1.0;
				PRODUCT_BUNDLE_IDENTIFIER = personal.Duniverse.DuniverseWidget;
				PRODUCT_NAME = "$(TARGET_NAME)";
				SKIP_INSTALL = YES;
				SWIFT_EMIT_LOC_STRINGS = YES;
				SWIFT_VERSION = 5.0;
				TARGETED_DEVICE_FAMILY = "1,2";
			};
			name = Release;
		};
/* End XCBuildConfiguration section */

/* Begin XCConfigurationList section */
		4CAE8E2F2BAD37D0004EDD07 /* Build configuration list for PBXProject "Duniverse" */ = {
			isa = XCConfigurationList;
			buildConfigurations = (
				4CAE8E562BAD37D1004EDD07 /* Debug */,
				4CAE8E572BAD37D1004EDD07 /* Release */,
			);
			defaultConfigurationIsVisible = 0;
			defaultConfigurationName = Release;
		};
		4CAE8E582BAD37D1004EDD07 /* Build configuration list for PBXNativeTarget "Duniverse" */ = {
			isa = XCConfigurationList;
			buildConfigurations = (
				4CAE8E592BAD37D1004EDD07 /* Debug */,
				4CAE8E5A2BAD37D1004EDD07 /* Release */,
			);
			defaultConfigurationIsVisible = 0;
			defaultConfigurationName = Release;
		};
		4CAE8E5B2BAD37D1004EDD07 /* Build configuration list for PBXNativeTarget "DuniverseTests" */ = {
			isa = XCConfigurationList;
			buildConfigurations = (
				4CAE8E5C2BAD37D1004EDD07 /* Debug */,
				4CAE8E5D2BAD37D1004EDD07 /* Release */,
			);
			defaultConfigurationIsVisible = 0;
			defaultConfigurationName = Release;
		};
		4CAE8E5E2BAD37D1004EDD07 /* Build configuration list for PBXNativeTarget "DuniverseUITests" */ = {
			isa = XCConfigurationList;
			buildConfigurations = (
				4CAE8E5F2BAD37D1004EDD07 /* Debug */,
				4CAE8E602BAD37D1004EDD07 /* Release */,
			);
			defaultConfigurationIsVisible = 0;
			defaultConfigurationName = Release;
		};
		4CAE8E762BAD3930004EDD07 /* Build configuration list for PBXNativeTarget "DuniverseWidgetExtension" */ = {
			isa = XCConfigurationList;
			buildConfigurations = (
				4CAE8E772BAD3930004EDD07 /* Debug */,
				4CAE8E782BAD3930004EDD07 /* Release */,
			);
			defaultConfigurationIsVisible = 0;
			defaultConfigurationName = Release;
		};
/* End XCConfigurationList section */
	};
	rootObject = 4CAE8E2C2BAD37D0004EDD07 /* Project object */;
}
